# THIS IS AN AUTOGENERATED FILE. DO NOT EDIT THIS FILE DIRECTLY.
# yarn lockfile v1


stream-chain@^2.2.4:
  version "2.2.4"
  resolved "https://registry.yarnpkg.com/stream-chain/-/stream-chain-2.2.4.tgz#2e5e9858e00d25ebaf7e4339e8328ddcab5facad"
  integrity sha512-9lsl3YM53V5N/I1C2uJtc3Kavyi3kNYN83VkKb/bMWRk7D9imiFyUPYa0PoZbLohSVOX1mYE9YsmwObZUsth6Q==

stream-json@^1.7.3:
  version "1.7.3"
  resolved "https://registry.yarnpkg.com/stream-json/-/stream-json-1.7.3.tgz#8a2abe8b51a2e84ffbc8d09bca9d01dc70facae3"
  integrity sha512-Y6dXn9KKWSwxOqnvHGcdZy1PK+J+7alBwHCeU3W9oRqm4ilLRA0XSPmd1tWwhg7tv9EIxJTMWh7KF15tYelKJg==
  dependencies:
    stream-chain "^2.2.4"
